Microsoft Visual Studio Solution File, Format Version 9.00
# Visual Studio 2005
Project("{F184B08F-C81C-45F6-A57F-5ABD9991F28F}") = "q141275", "q141275\q141275.vbproj", "{003ED515-702D-44B2-B7F2-8701B7F86A85}"
EndProject
Global
	GlobalSection(SolutionConfigurationPlatforms) = preSolution
		Debug|Any CPU = Debug|Any CPU
		Release|Any CPU = Release|Any CPU
	EndGlobalSection
	GlobalSection(ProjectConfigurationPlatforms) = postSolution
		{003ED515-702D-44B2-B7F2-8701B7F86A85}.Debug|Any CPU.ActiveCfg = Debug|Any CPU
		{003ED515-702D-44B2-B7F2-8701B7F86A85}.Debug|Any CPU.Build.0 = Debug|Any CPU
		{003ED515-702D-44B2-B7F2-8701B7F86A85}.Release|Any CPU.ActiveCfg = Release|Any CPU
		{003ED515-702D-44B2-B7F2-8701B7F86A85}.Release|Any CPU.Build.0 = Release|Any CPU
	EndGlobalSection
	GlobalSection(SolutionProperties) = preSolution
		HideSolutionNode = FALSE
	EndGlobalSection
EndGlobal
